
Microsoft Visual Studio Solution File, Format Version 12.00
# Visual Studio Version 17
VisualStudioVersion = 17.7.34031.279
MinimumVisualStudioVersion = 10.0.40219.1
Project("{9A19103F-16F7-4668-BE54-9A1E7A4F7556}") = "DesafioProjetoHospedagem", "DesafioProjetoHospedagem.csproj", "{042C4C4C-04C2-47DA-B63A-A207DDCE588F}"
EndProject
Global
	GlobalSection(SolutionConfigurationPlatforms) = preSolution
		Debug|Any CPU = Debug|Any CPU
		Release|Any CPU = Release|Any CPU
	EndGlobalSection
	GlobalSection(ProjectConfigurationPlatforms) = postSolution
		{042C4C4C-04C2-47DA-B63A-A207DDCE588F}.Debug|Any CPU.ActiveCfg = Debug|Any CPU
		{042C4C4C-04C2-47DA-B63A-A207DDCE588F}.Debug|Any CPU.Build.0 = Debug|Any CPU
		{042C4C4C-04C2-47DA-B63A-A207DDCE588F}.Release|Any CPU.ActiveCfg = Release|Any CPU
		{042C4C4C-04C2-47DA-B63A-A207DDCE588F}.Release|Any CPU.Build.0 = Release|Any CPU
	EndGlobalSection
	GlobalSection(SolutionProperties) = preSolution
		HideSolutionNode = FALSE
	EndGlobalSection
	GlobalSection(ExtensibilityGlobals) = postSolution
		SolutionGuid = {28DB023D-E5A7-4C16-A4B6-3C199FBBDA44}
	EndGlobalSection
EndGlobal
